{
	"name": "timesheet-webpart",
	"version": "1.0.0",
	"lockfileVersion": 2,
	"requires": true,
	"packages": {
		"": {
			"name": "timesheet-webpart",
			"version": "1.0.0",
			"license": "ISC",
			"workspaces": [
				"../../workspaces/webpart"
			],
			"dependencies": {
				"micromath-factorial": "^1.0.3"
			}
		},
		"../../workspaces/webpart": {
			"version": "1.0.0",
			"license": "ISC",
			"dependencies": {
				"eslint": "^8.40.0",
				"shortid": "^2.2.16",
				"uuid": "^9.0.0"
			}
		},
		"../../workspaces/webpart/node_modules/nanoid": {
			"version": "2.1.11",
			"resolved": "https://registry.npmjs.org/nanoid/-/nanoid-2.1.11.tgz",
			"integrity": "sha512-s/snB+WGm6uwi0WjsZdaVcuf3KJXlfGl2LcxgwkEwJF0D/BWzVWAZW/XY4bFaiR7s0Jk3FPvlnepg1H1b1UwlA=="
		},
		"../../workspaces/webpart/node_modules/shortid": {
			"version": "2.2.16",
			"resolved": "https://registry.npmjs.org/shortid/-/shortid-2.2.16.tgz",
			"integrity": "sha512-Ugt+GIZqvGXCIItnsL+lvFJOiN7RYqlGy7QE41O3YC1xbNSeDGIRO7xg2JJXIAj1cAGnOeC1r7/T9pgrtQbv4g==",
			"dependencies": {
				"nanoid": "^2.1.0"
			}
		},
		"../../workspaces/webpart/node_modules/uuid": {
			"version": "9.0.0",
			"resolved": "https://registry.npmjs.org/uuid/-/uuid-9.0.0.tgz",
			"integrity": "sha512-MXcSTerfPa4uqyzStbRoTgt5XIe3x5+42+q1sDuy3R5MDk66URdLMOZe5aPX/SQd+kuYAh0FdP/pO28IkQyTeg==",
			"bin": {
				"uuid": "dist/bin/uuid"
			}
		},
		"node_modules/micromath-factorial": {
			"version": "1.0.3",
			"resolved": "https://registry.npmjs.org/micromath-factorial/-/micromath-factorial-1.0.3.tgz",
			"integrity": "sha512-8MXMxrmOC/Xi8dZyluf41qB2dH3xzFNNml4SP3kgzMkO2wL9EmlPk/T8lXxkJyx2gw6sHZIBwFWE79CkZf9aqg=="
		},
		"node_modules/webpart": {
			"resolved": "../../workspaces/webpart",
			"link": true
		}
	},
	"dependencies": {
		"micromath-factorial": {
			"version": "1.0.3",
			"resolved": "https://registry.npmjs.org/micromath-factorial/-/micromath-factorial-1.0.3.tgz",
			"integrity": "sha512-8MXMxrmOC/Xi8dZyluf41qB2dH3xzFNNml4SP3kgzMkO2wL9EmlPk/T8lXxkJyx2gw6sHZIBwFWE79CkZf9aqg=="
		},
		"webpart": {
			"version": "file:../../workspaces/webpart",
			"requires": {
				"eslint": "^8.40.0",
				"shortid": "^2.2.16",
				"uuid": "^9.0.0"
			},
			"dependencies": {
				"nanoid": {
					"version": "2.1.11",
					"resolved": "https://registry.npmjs.org/nanoid/-/nanoid-2.1.11.tgz",
					"integrity": "sha512-s/snB+WGm6uwi0WjsZdaVcuf3KJXlfGl2LcxgwkEwJF0D/BWzVWAZW/XY4bFaiR7s0Jk3FPvlnepg1H1b1UwlA=="
				},
				"shortid": {
					"version": "2.2.16",
					"resolved": "https://registry.npmjs.org/shortid/-/shortid-2.2.16.tgz",
					"integrity": "sha512-Ugt+GIZqvGXCIItnsL+lvFJOiN7RYqlGy7QE41O3YC1xbNSeDGIRO7xg2JJXIAj1cAGnOeC1r7/T9pgrtQbv4g==",
					"requires": {
						"nanoid": "^2.1.0"
					}
				},
				"uuid": {
					"version": "9.0.0",
					"resolved": "https://registry.npmjs.org/uuid/-/uuid-9.0.0.tgz",
					"integrity": "sha512-MXcSTerfPa4uqyzStbRoTgt5XIe3x5+42+q1sDuy3R5MDk66URdLMOZe5aPX/SQd+kuYAh0FdP/pO28IkQyTeg=="
				}
			}
		}
	}
}
